
Microsoft Visual Studio Solution File, Format Version 12.00
# Visual Studio Version 17
VisualStudioVersion = 17.5.33530.505
MinimumVisualStudioVersion = 10.0.40219.1
Project("{FAE04EC0-301F-11D3-BF4B-00C04F79EFBC}") = "CRUD", "PDV\CRUD.csproj", "{2CC907B4-395B-4765-B68E-46F2F3C707EE}"
EndProject
Project("{FAE04EC0-301F-11D3-BF4B-00C04F79EFBC}") = "MIDDLE", "MIDDLE\MIDDLE.csproj", "{9097B962-E318-4CA0-BAA8-E84A33F1E03E}"
EndProject
Project("{FAE04EC0-301F-11D3-BF4B-00C04F79EFBC}") = "WINFORM", "WINFORM\WINFORM.csproj", "{1CDB1CCD-18FE-423A-AD20-C9AB2F60E963}"
EndProject
Global
	GlobalSection(SolutionConfigurationPlatforms) = preSolution
		Debug|Any CPU = Debug|Any CPU
		Release|Any CPU = Release|Any CPU
	EndGlobalSection
	GlobalSection(ProjectConfigurationPlatforms) = postSolution
		{2CC907B4-395B-4765-B68E-46F2F3C707EE}.Debug|Any CPU.ActiveCfg = Debug|Any CPU
		{2CC907B4-395B-4765-B68E-46F2F3C707EE}.Debug|Any CPU.Build.0 = Debug|Any CPU
		{2CC907B4-395B-4765-B68E-46F2F3C707EE}.Release|Any CPU.ActiveCfg = Release|Any CPU
		{2CC907B4-395B-4765-B68E-46F2F3C707EE}.Release|Any CPU.Build.0 = Release|Any CPU
		{9097B962-E318-4CA0-BAA8-E84A33F1E03E}.Debug|Any CPU.ActiveCfg = Debug|Any CPU
		{9097B962-E318-4CA0-BAA8-E84A33F1E03E}.Debug|Any CPU.Build.0 = Debug|Any CPU
		{9097B962-E318-4CA0-BAA8-E84A33F1E03E}.Release|Any CPU.ActiveCfg = Release|Any CPU
		{9097B962-E318-4CA0-BAA8-E84A33F1E03E}.Release|Any CPU.Build.0 = Release|Any CPU
		{1CDB1CCD-18FE-423A-AD20-C9AB2F60E963}.Debug|Any CPU.ActiveCfg = Debug|Any CPU
		{1CDB1CCD-18FE-423A-AD20-C9AB2F60E963}.Debug|Any CPU.Build.0 = Debug|Any CPU
		{1CDB1CCD-18FE-423A-AD20-C9AB2F60E963}.Release|Any CPU.ActiveCfg = Release|Any CPU
		{1CDB1CCD-18FE-423A-AD20-C9AB2F60E963}.Release|Any CPU.Build.0 = Release|Any CPU
	EndGlobalSection
	GlobalSection(SolutionProperties) = preSolution
		HideSolutionNode = FALSE
	EndGlobalSection
	GlobalSection(ExtensibilityGlobals) = postSolution
		SolutionGuid = {6167D585-6134-4FC6-A986-668FB6DEEC2C}
	EndGlobalSection
EndGlobal
